
Microsoft Visual Studio Solution File, Format Version 12.00
# Visual Studio Version 16
VisualStudioVersion = 16.0.30413.136
MinimumVisualStudioVersion = 10.0.40219.1
Project("{FAE04EC0-301F-11D3-BF4B-00C04F79EFBC}") = "TestaCondicional2", "TestaCondicional2\TestaCondicional2.csproj", "{23D805FD-6255-4111-872F-79795ADA6913}"
EndProject
Global
	GlobalSection(SolutionConfigurationPlatforms) = preSolution
		Debug|Any CPU = Debug|Any CPU
		Release|Any CPU = Release|Any CPU
	EndGlobalSection
	GlobalSection(ProjectConfigurationPlatforms) = postSolution
		{23D805FD-6255-4111-872F-79795ADA6913}.Debug|Any CPU.ActiveCfg = Debug|Any CPU
		{23D805FD-6255-4111-872F-79795ADA6913}.Debug|Any CPU.Build.0 = Debug|Any CPU
		{23D805FD-6255-4111-872F-79795ADA6913}.Release|Any CPU.ActiveCfg = Release|Any CPU
		{23D805FD-6255-4111-872F-79795ADA6913}.Release|Any CPU.Build.0 = Release|Any CPU
	EndGlobalSection
	GlobalSection(SolutionProperties) = preSolution
		HideSolutionNode = FALSE
	EndGlobalSection
	GlobalSection(ExtensibilityGlobals) = postSolution
		SolutionGuid = {B85117BA-B197-4668-81F2-22DE08A9B425}
	EndGlobalSection
EndGlobal
