
Microsoft Visual Studio Solution File, Format Version 12.00
# Visual Studio Version 16
VisualStudioVersion = 16.0.30413.136
MinimumVisualStudioVersion = 10.0.40219.1
Project("{FAE04EC0-301F-11D3-BF4B-00C04F79EFBC}") = "2-Criando Variaveis", "2-Criando Variaveis.csproj", "{D8930135-277C-4906-A2F7-AB78DC30CEEE}"
EndProject
Global
	GlobalSection(SolutionConfigurationPlatforms) = preSolution
		Debug|Any CPU = Debug|Any CPU
		Release|Any CPU = Release|Any CPU
	EndGlobalSection
	GlobalSection(ProjectConfigurationPlatforms) = postSolution
		{D8930135-277C-4906-A2F7-AB78DC30CEEE}.Debug|Any CPU.ActiveCfg = Debug|Any CPU
		{D8930135-277C-4906-A2F7-AB78DC30CEEE}.Debug|Any CPU.Build.0 = Debug|Any CPU
		{D8930135-277C-4906-A2F7-AB78DC30CEEE}.Release|Any CPU.ActiveCfg = Release|Any CPU
		{D8930135-277C-4906-A2F7-AB78DC30CEEE}.Release|Any CPU.Build.0 = Release|Any CPU
	EndGlobalSection
	GlobalSection(SolutionProperties) = preSolution
		HideSolutionNode = FALSE
	EndGlobalSection
	GlobalSection(ExtensibilityGlobals) = postSolution
		SolutionGuid = {620055DB-0BDC-43EF-871C-6DB5274E9D0F}
	EndGlobalSection
EndGlobal
