
Microsoft Visual Studio Solution File, Format Version 12.00
# Visual Studio Version 16
VisualStudioVersion = 16.0.30413.136
MinimumVisualStudioVersion = 10.0.40219.1
Project("{FAE04EC0-301F-11D3-BF4B-00C04F79EFBC}") = "4-ConversoesEoutrostiposnumericos", "4-ConversoesEoutrostiposnumericos\4-ConversoesEoutrostiposnumericos.csproj", "{A37D4209-373A-40CF-B4A7-5F21D791EE11}"
EndProject
Global
	GlobalSection(SolutionConfigurationPlatforms) = preSolution
		Debug|Any CPU = Debug|Any CPU
		Release|Any CPU = Release|Any CPU
	EndGlobalSection
	GlobalSection(ProjectConfigurationPlatforms) = postSolution
		{A37D4209-373A-40CF-B4A7-5F21D791EE11}.Debug|Any CPU.ActiveCfg = Debug|Any CPU
		{A37D4209-373A-40CF-B4A7-5F21D791EE11}.Debug|Any CPU.Build.0 = Debug|Any CPU
		{A37D4209-373A-40CF-B4A7-5F21D791EE11}.Release|Any CPU.ActiveCfg = Release|Any CPU
		{A37D4209-373A-40CF-B4A7-5F21D791EE11}.Release|Any CPU.Build.0 = Release|Any CPU
	EndGlobalSection
	GlobalSection(SolutionProperties) = preSolution
		HideSolutionNode = FALSE
	EndGlobalSection
	GlobalSection(ExtensibilityGlobals) = postSolution
		SolutionGuid = {CB46B9AC-1927-4EBF-BD22-8F3E346CE5C1}
	EndGlobalSection
EndGlobal
