
Microsoft Visual Studio Solution File, Format Version 12.00
# Visual Studio Version 16
VisualStudioVersion = 16.0.30413.136
MinimumVisualStudioVersion = 10.0.40219.1
Project("{FAE04EC0-301F-11D3-BF4B-00C04F79EFBC}") = "8- Condicionais2", "8- Condicionais2\8- Condicionais2.csproj", "{9BFDC6A5-D635-4771-956F-FE786C16F336}"
EndProject
Global
	GlobalSection(SolutionConfigurationPlatforms) = preSolution
		Debug|Any CPU = Debug|Any CPU
		Release|Any CPU = Release|Any CPU
	EndGlobalSection
	GlobalSection(ProjectConfigurationPlatforms) = postSolution
		{9BFDC6A5-D635-4771-956F-FE786C16F336}.Debug|Any CPU.ActiveCfg = Debug|Any CPU
		{9BFDC6A5-D635-4771-956F-FE786C16F336}.Debug|Any CPU.Build.0 = Debug|Any CPU
		{9BFDC6A5-D635-4771-956F-FE786C16F336}.Release|Any CPU.ActiveCfg = Release|Any CPU
		{9BFDC6A5-D635-4771-956F-FE786C16F336}.Release|Any CPU.Build.0 = Release|Any CPU
	EndGlobalSection
	GlobalSection(SolutionProperties) = preSolution
		HideSolutionNode = FALSE
	EndGlobalSection
	GlobalSection(ExtensibilityGlobals) = postSolution
		SolutionGuid = {76834077-26B3-4893-8895-EA901BAEA33B}
	EndGlobalSection
EndGlobal
